
Microsoft Visual Studio Solution File, Format Version 12.00
# Visual Studio Version 16
VisualStudioVersion = 16.0.31005.135
MinimumVisualStudioVersion = 10.0.40219.1
Project("{FAE04EC0-301F-11D3-BF4B-00C04F79EFBC}") = "WebApplication6", "WebApplication6\WebApplication6.csproj", "{278EC18F-3E51-4714-A958-4CB90A68874D}"
EndProject
Global
	GlobalSection(SolutionConfigurationPlatforms) = preSolution
		Debug|Any CPU = Debug|Any CPU
		Release|Any CPU = Release|Any CPU
	EndGlobalSection
	GlobalSection(ProjectConfigurationPlatforms) = postSolution
		{278EC18F-3E51-4714-A958-4CB90A68874D}.Debug|Any CPU.ActiveCfg = Debug|Any CPU
		{278EC18F-3E51-4714-A958-4CB90A68874D}.Debug|Any CPU.Build.0 = Debug|Any CPU
		{278EC18F-3E51-4714-A958-4CB90A68874D}.Release|Any CPU.ActiveCfg = Release|Any CPU
		{278EC18F-3E51-4714-A958-4CB90A68874D}.Release|Any CPU.Build.0 = Release|Any CPU
	EndGlobalSection
	GlobalSection(SolutionProperties) = preSolution
		HideSolutionNode = FALSE
	EndGlobalSection
	GlobalSection(ExtensibilityGlobals) = postSolution
		SolutionGuid = {FB5A0A6D-4D4A-4BFC-9BA4-BE33FEBC0170}
	EndGlobalSection
EndGlobal
